
Microsoft Visual Studio Solution File, Format Version 12.00
# Visual Studio Version 16
VisualStudioVersion = 16.0.31321.278
MinimumVisualStudioVersion = 10.0.40219.1
Project("{FAE04EC0-301F-11D3-BF4B-00C04F79EFBC}") = "C Classes Exercise 1", "C Classes Exercise 1\C Classes Exercise 1.csproj", "{80AF9C4D-2A8F-4208-A8CA-16DCD9EF3CCC}"
EndProject
Global
	GlobalSection(SolutionConfigurationPlatforms) = preSolution
		Debug|Any CPU = Debug|Any CPU
		Release|Any CPU = Release|Any CPU
	EndGlobalSection
	GlobalSection(ProjectConfigurationPlatforms) = postSolution
		{80AF9C4D-2A8F-4208-A8CA-16DCD9EF3CCC}.Debug|Any CPU.ActiveCfg = Debug|Any CPU
		{80AF9C4D-2A8F-4208-A8CA-16DCD9EF3CCC}.Debug|Any CPU.Build.0 = Debug|Any CPU
		{80AF9C4D-2A8F-4208-A8CA-16DCD9EF3CCC}.Release|Any CPU.ActiveCfg = Release|Any CPU
		{80AF9C4D-2A8F-4208-A8CA-16DCD9EF3CCC}.Release|Any CPU.Build.0 = Release|Any CPU
	EndGlobalSection
	GlobalSection(SolutionProperties) = preSolution
		HideSolutionNode = FALSE
	EndGlobalSection
	GlobalSection(ExtensibilityGlobals) = postSolution
		SolutionGuid = {9CF66525-3D10-48CD-9510-BAC3E3F208ED}
	EndGlobalSection
EndGlobal
